
Microsoft Visual Studio Solution File, Format Version 12.00
# Visual Studio Version 17
VisualStudioVersion = 17.6.33801.468
MinimumVisualStudioVersion = 10.0.40219.1
Project("{FAE04EC0-301F-11D3-BF4B-00C04F79EFBC}") = "TicTacToe", "TicTacToe.csproj", "{206853EF-8443-42F2-86F2-8738BD6AAFD6}"
EndProject
Global
	GlobalSection(SolutionConfigurationPlatforms) = preSolution
		Debug|Any CPU = Debug|Any CPU
		Release|Any CPU = Release|Any CPU
	EndGlobalSection
	GlobalSection(ProjectConfigurationPlatforms) = postSolution
		{206853EF-8443-42F2-86F2-8738BD6AAFD6}.Debug|Any CPU.ActiveCfg = Debug|Any CPU
		{206853EF-8443-42F2-86F2-8738BD6AAFD6}.Debug|Any CPU.Build.0 = Debug|Any CPU
		{206853EF-8443-42F2-86F2-8738BD6AAFD6}.Release|Any CPU.ActiveCfg = Release|Any CPU
		{206853EF-8443-42F2-86F2-8738BD6AAFD6}.Release|Any CPU.Build.0 = Release|Any CPU
	EndGlobalSection
	GlobalSection(SolutionProperties) = preSolution
		HideSolutionNode = FALSE
	EndGlobalSection
	GlobalSection(ExtensibilityGlobals) = postSolution
		SolutionGuid = {CC92F6B0-E7C5-4258-B5B2-9105CC3FF9F4}
	EndGlobalSection
EndGlobal
